// !$*UTF8*$!
{
	archiveVersion = 1;
	classes = {
	};
	objectVersion = 48;
	objects = {

/* Begin PBXBuildFile section */
		530DAF701F2398FE009EFF97 /* ImgCollectionViewCell.swift in Sources */ = {isa = PBXBuildFile; fileRef = 530DAF6F1F2398FE009EFF97 /* ImgCollectionViewCell.swift */; };
		53CDF0731F24A52D00537BC6 /* ImgViewController.swift in Sources */ = {isa = PBXBuildFile; fileRef = 53CDF0721F24A52D00537BC6 /* ImgViewController.swift */; };
		53EAA43E1F224849005CEBA5 /* AppDelegate.swift in Sources */ = {isa = PBXBuildFile; fileRef = 53EAA43D1F224849005CEBA5 /* AppDelegate.swift */; };
		53EAA4401F224849005CEBA5 /* ViewController.swift in Sources */ = {isa = PBXBuildFile; fileRef = 53EAA43F1F224849005CEBA5 /* ViewController.swift */; };
		53EAA4431F224849005CEBA5 /* Main.storyboard in Resources */ = {isa = PBXBuildFile; fileRef = 53EAA4411F224849005CEBA5 /* Main.storyboard */; };
		53EAA4451F224849005CEBA5 /* Assets.xcassets in Resources */ = {isa = PBXBuildFile; fileRef = 53EAA4441F224849005CEBA5 /* Assets.xcassets */; };
		53EAA4481F224849005CEBA5 /* LaunchScreen.storyboard in Resources */ = {isa = PBXBuildFile; fileRef = 53EAA4461F224849005CEBA5 /* LaunchScreen.storyboard */; };
/* End PBXBuildFile section */

/* Begin PBXFileReference section */
		530DAF6F1F2398FE009EFF97 /* ImgCollectionViewCell.swift */ = {isa = PBXFileReference; lastKnownFileType = sourcecode.swift; path = ImgCollectionViewCell.swift; sourceTree = "<group>"; };
		537169EA1F22E32D00B3737A /* AVFoundation.framework */ = {isa = PBXFileReference; lastKnownFileType = wrapper.framework; name = AVFoundation.framework; path = System/Library/Frameworks/AVFoundation.framework; sourceTree = SDKROOT; };
		53CDF0711F249A8E00537BC6 /* QuartzCore.framework */ = {isa = PBXFileReference; lastKnownFileType = wrapper.framework; name = QuartzCore.framework; path = System/Library/Frameworks/QuartzCore.framework; sourceTree = SDKROOT; };
		53CDF0721F24A52D00537BC6 /* ImgViewController.swift */ = {isa = PBXFileReference; lastKnownFileType = sourcecode.swift; path = ImgViewController.swift; sourceTree = "<group>"; };
		53EAA43A1F224848005CEBA5 /* choosephoto.app */ = {isa = PBXFileReference; explicitFileType = wrapper.application; includeInIndex = 0; path = choosephoto.app; sourceTree = BUILT_PRODUCTS_DIR; };
		53EAA43D1F224849005CEBA5 /* AppDelegate.swift */ = {isa = PBXFileReference; lastKnownFileType = sourcecode.swift; path = AppDelegate.swift; sourceTree = "<group>"; };
		53EAA43F1F224849005CEBA5 /* ViewController.swift */ = {isa = PBXFileReference; lastKnownFileType = sourcecode.swift; path = ViewController.swift; sourceTree = "<group>"; };
		53EAA4421F224849005CEBA5 /* Base */ = {isa = PBXFileReference; lastKnownFileType = file.storyboard; name = Base; path = Base.lproj/Main.storyboard; sourceTree = "<group>"; };
		53EAA4441F224849005CEBA5 /* Assets.xcassets */ = {isa = PBXFileReference; lastKnownFileType = folder.assetcatalog; path = Assets.xcassets; sourceTree = "<group>"; };
		53EAA4471F224849005CEBA5 /* Base */ = {isa = PBXFileReference; lastKnownFileType = file.storyboard; name = Base; path = Base.lproj/LaunchScreen.storyboard; sourceTree = "<group>"; };
		53EAA4491F224849005CEBA5 /* Info.plist */ = {isa = PBXFileReference; lastKnownFileType = text.plist.xml; path = Info.plist; sourceTree = "<group>"; };
/* End PBXFileReference section */

/* Begin PBXFrameworksBuildPhase section */
		53EAA4371F224848005CEBA5 /* Frameworks */ = {
			isa = PBXFrameworksBuildPhase;
			buildActionMask = 2147483647;
			files = (
			);
			runOnlyForDeploymentPostprocessing = 0;
		};
/* End PBXFrameworksBuildPhase section */

/* Begin PBXGroup section */
		537169E91F22E32C00B3737A /* Frameworks */ = {
			isa = PBXGroup;
			children = (
				53CDF0711F249A8E00537BC6 /* QuartzCore.framework */,
				537169EA1F22E32D00B3737A /* AVFoundation.framework */,
			);
			name = Frameworks;
			sourceTree = "<group>";
		};
		53EAA4311F224848005CEBA5 = {
			isa = PBXGroup;
			children = (
				53EAA43C1F224848005CEBA5 /* choosephoto */,
				53EAA43B1F224848005CEBA5 /* Products */,
				537169E91F22E32C00B3737A /* Frameworks */,
			);
			sourceTree = "<group>";
		};
		53EAA43B1F224848005CEBA5 /* Products */ = {
			isa = PBXGroup;
			children = (
				53EAA43A1F224848005CEBA5 /* choosephoto.app */,
			);
			name = Products;
			sourceTree = "<group>";
		};
		53EAA43C1F224848005CEBA5 /* choosephoto */ = {
			isa = PBXGroup;
			children = (
				53EAA43D1F224849005CEBA5 /* AppDelegate.swift */,
				53EAA43F1F224849005CEBA5 /* ViewController.swift */,
				53EAA4411F224849005CEBA5 /* Main.storyboard */,
				53EAA4441F224849005CEBA5 /* Assets.xcassets */,
				53EAA4461F224849005CEBA5 /* LaunchScreen.storyboard */,
				53EAA4491F224849005CEBA5 /* Info.plist */,
				530DAF6F1F2398FE009EFF97 /* ImgCollectionViewCell.swift */,
				53CDF0721F24A52D00537BC6 /* ImgViewController.swift */,
			);
			path = choosephoto;
			sourceTree = "<group>";
		};
/* End PBXGroup section */

/* Begin PBXNativeTarget section */
		53EAA4391F224848005CEBA5 /* choosephoto */ = {
			isa = PBXNativeTarget;
			buildConfigurationList = 53EAA44C1F224849005CEBA5 /* Build configuration list for PBXNativeTarget "choosephoto" */;
			buildPhases = (
				53EAA4361F224848005CEBA5 /* Sources */,
				53EAA4371F224848005CEBA5 /* Frameworks */,
				53EAA4381F224848005CEBA5 /* Resources */,
			);
			buildRules = (
			);
			dependencies = (
			);
			name = choosephoto;
			productName = choosephoto;
			productReference = 53EAA43A1F224848005CEBA5 /* choosephoto.app */;
			productType = "com.apple.product-type.application";
		};
/* End PBXNativeTarget section */

/* Begin PBXProject section */
		53EAA4321F224848005CEBA5 /* Project object */ = {
			isa = PBXProject;
			attributes = {
				LastSwiftUpdateCheck = 0900;
				LastUpgradeCheck = 0900;
				ORGANIZATIONNAME = KagurazakaYashi;
				TargetAttributes = {
					53EAA4391F224848005CEBA5 = {
						CreatedOnToolsVersion = 9.0;
					};
				};
			};
			buildConfigurationList = 53EAA4351F224848005CEBA5 /* Build configuration list for PBXProject "choosephoto" */;
			compatibilityVersion = "Xcode 8.0";
			developmentRegion = en;
			hasScannedForEncodings = 0;
			knownRegions = (
				en,
				Base,
			);
			mainGroup = 53EAA4311F224848005CEBA5;
			productRefGroup = 53EAA43B1F224848005CEBA5 /* Products */;
			projectDirPath = "";
			projectRoot = "";
			targets = (
				53EAA4391F224848005CEBA5 /* choosephoto */,
			);
		};
/* End PBXProject section */

/* Begin PBXResourcesBuildPhase section */
		53EAA4381F224848005CEBA5 /* Resources */ = {
			isa = PBXResourcesBuildPhase;
			buildActionMask = 2147483647;
			files = (
				53EAA4481F224849005CEBA5 /* LaunchScreen.storyboard in Resources */,
				53EAA4451F224849005CEBA5 /* Assets.xcassets in Resources */,
				53EAA4431F224849005CEBA5 /* Main.storyboard in Resources */,
			);
			runOnlyForDeploymentPostprocessing = 0;
		};
/* End PBXResourcesBuildPhase section */

/* Begin PBXSourcesBuildPhase section */
		53EAA4361F224848005CEBA5 /* Sources */ = {
			isa = PBXSourcesBuildPhase;
			buildActionMask = 2147483647;
			files = (
				53EAA4401F224849005CEBA5 /* ViewController.swift in Sources */,
				53EAA43E1F224849005CEBA5 /* AppDelegate.swift in Sources */,
				53CDF0731F24A52D00537BC6 /* ImgViewController.swift in Sources */,
				530DAF701F2398FE009EFF97 /* ImgCollectionViewCell.swift in Sources */,
			);
			runOnlyForDeploymentPostprocessing = 0;
		};
/* End PBXSourcesBuildPhase section */

/* Begin PBXVariantGroup section */
		53EAA4411F224849005CEBA5 /* Main.storyboard */ = {
			isa = PBXVariantGroup;
			children = (
				53EAA4421F224849005CEBA5 /* Base */,
			);
			name = Main.storyboard;
			sourceTree = "<group>";
		};
		53EAA4461F224849005CEBA5 /* LaunchScreen.storyboard */ = {
			isa = PBXVariantGroup;
			children = (
				53EAA4471F224849005CEBA5 /* Base */,
			);
			name = LaunchScreen.storyboard;
			sourceTree = "<group>";
		};
/* End PBXVariantGroup section */

/* Begin XCBuildConfiguration section */
		53EAA44A1F224849005CEBA5 /* Debug */ = {
			isa = XCBuildConfiguration;
			buildSettings = {
				ALWAYS_SEARCH_USER_PATHS = NO;
				CLANG_ANALYZER_NONNULL = YES;
				CLANG_ANALYZER_NUMBER_OBJECT_CONVERSION = YES_AGGRESSIVE;
				CLANG_CXX_LANGUAGE_STANDARD = "gnu++14";
				CLANG_CXX_LIBRARY = "libc++";
				CLANG_ENABLE_MODULES = YES;
				CLANG_ENABLE_OBJC_ARC = YES;
				CLANG_WARN_BLOCK_CAPTURE_AUTORELEASING = YES;
				CLANG_WARN_BOOL_CONVERSION = YES;
				CLANG_WARN_COMMA = YES;
				CLANG_WARN_CONSTANT_CONVERSION = YES;
				CLANG_WARN_DIRECT_OBJC_ISA_USAGE = YES_ERROR;
				CLANG_WARN_DOCUMENTATION_COMMENTS = YES;
				CLANG_WARN_EMPTY_BODY = YES;
				CLANG_WARN_ENUM_CONVERSION = YES;
				CLANG_WARN_INFINITE_RECURSION = YES;
				CLANG_WARN_INT_CONVERSION = YES;
				CLANG_WARN_OBJC_ROOT_CLASS = YES_ERROR;
				CLANG_WARN_RANGE_LOOP_ANALYSIS = YES;
				CLANG_WARN_STRICT_PROTOTYPES = YES;
				CLANG_WARN_SUSPICIOUS_MOVE = YES;
				CLANG_WARN_UNGUARDED_AVAILABILITY = YES_AGGRESSIVE;
				CLANG_WARN_UNREACHABLE_CODE = YES;
				CLANG_WARN__DUPLICATE_METHOD_MATCH = YES;
				CODE_SIGN_IDENTITY = "iPhone Developer";
				COPY_PHASE_STRIP = NO;
				DEBUG_INFORMATION_FORMAT = dwarf;
				ENABLE_STRICT_OBJC_MSGSEND = YES;
				ENABLE_TESTABILITY = YES;
				GCC_C_LANGUAGE_STANDARD = gnu11;
				GCC_DYNAMIC_NO_PIC = NO;
				GCC_NO_COMMON_BLOCKS = YES;
				GCC_OPTIMIZATION_LEVEL = 0;
				GCC_PREPROCESSOR_DEFINITIONS = (
					"DEBUG=1",
					"$(inherited)",
				);
				GCC_WARN_64_TO_32_BIT_CONVERSION = YES;
				GCC_WARN_ABOUT_RETURN_TYPE = YES_ERROR;
				GCC_WARN_UNDECLARED_SELECTOR = YES;
				GCC_WARN_UNINITIALIZED_AUTOS = YES_AGGRESSIVE;
				GCC_WARN_UNUSED_FUNCTION = YES;
				GCC_WARN_UNUSED_VARIABLE = YES;
				IPHONEOS_DEPLOYMENT_TARGET = 11.0;
				MTL_ENABLE_DEBUG_INFO = YES;
				ONLY_ACTIVE_ARCH = YES;
				SDKROOT = iphoneos;
				SWIFT_ACTIVE_COMPILATION_CONDITIONS = DEBUG;
				SWIFT_OPTIMIZATION_LEVEL = "-Onone";
			};
			name = Debug;
		};
		53EAA44B1F224849005CEBA5 /* Release */ = {
			isa = XCBuildConfiguration;
			buildSettings = {
				ALWAYS_SEARCH_USER_PATHS = NO;
				CLANG_ANALYZER_NONNULL = YES;
				CLANG_ANALYZER_NUMBER_OBJECT_CONVERSION = YES_AGGRESSIVE;
				CLANG_CXX_LANGUAGE_STANDARD = "gnu++14";
				CLANG_CXX_LIBRARY = "libc++";
				CLANG_ENABLE_MODULES = YES;
				CLANG_ENABLE_OBJC_ARC = YES;
				CLANG_WARN_BLOCK_CAPTURE_AUTORELEASING = YES;
				CLANG_WARN_BOOL_CONVERSION = YES;
				CLANG_WARN_COMMA = YES;
				CLANG_WARN_CONSTANT_CONVERSION = YES;
				CLANG_WARN_DIRECT_OBJC_ISA_USAGE = YES_ERROR;
				CLANG_WARN_DOCUMENTATION_COMMENTS = YES;
				CLANG_WARN_EMPTY_BODY = YES;
				CLANG_WARN_ENUM_CONVERSION = YES;
				CLANG_WARN_INFINITE_RECURSION = YES;
				CLANG_WARN_INT_CONVERSION = YES;
				CLANG_WARN_OBJC_ROOT_CLASS = YES_ERROR;
				CLANG_WARN_RANGE_LOOP_ANALYSIS = YES;
				CLANG_WARN_STRICT_PROTOTYPES = YES;
				CLANG_WARN_SUSPICIOUS_MOVE = YES;
				CLANG_WARN_UNGUARDED_AVAILABILITY = YES_AGGRESSIVE;
				CLANG_WARN_UNREACHABLE_CODE = YES;
				CLANG_WARN__DUPLICATE_METHOD_MATCH = YES;
				CODE_SIGN_IDENTITY = "iPhone Developer";
				COPY_PHASE_STRIP = NO;
				DEBUG_INFORMATION_FORMAT = "dwarf-with-dsym";
				ENABLE_NS_ASSERTIONS = NO;
				ENABLE_STRICT_OBJC_MSGSEND = YES;
				GCC_C_LANGUAGE_STANDARD = gnu11;
				GCC_NO_COMMON_BLOCKS = YES;
				GCC_WARN_64_TO_32_BIT_CONVERSION = YES;
				GCC_WARN_ABOUT_RETURN_TYPE = YES_ERROR;
				GCC_WARN_UNDECLARED_SELECTOR = YES;
				GCC_WARN_UNINITIALIZED_AUTOS = YES_AGGRESSIVE;
				GCC_WARN_UNUSED_FUNCTION = YES;
				GCC_WARN_UNUSED_VARIABLE = YES;
				IPHONEOS_DEPLOYMENT_TARGET = 11.0;
				MTL_ENABLE_DEBUG_INFO = NO;
				SDKROOT = iphoneos;
				SWIFT_OPTIMIZATION_LEVEL = "-Owholemodule";
				VALIDATE_PRODUCT = YES;
			};
			name = Release;
		};
		53EAA44D1F224849005CEBA5 /* Debug */ = {
			isa = XCBuildConfiguration;
			buildSettings = {
				ASSETCATALOG_COMPILER_APPICON_NAME = AppIcon;
				DEVELOPMENT_TEAM = ZNVDEVDRX3;
				INFOPLIST_FILE = choosephoto/Info.plist;
				LD_RUNPATH_SEARCH_PATHS = "$(inherited) @executable_path/Frameworks";
				PRODUCT_BUNDLE_IDENTIFIER = org.gpKagurazaka.choosephoto;
				PRODUCT_NAME = "$(TARGET_NAME)";
				SWIFT_VERSION = 4.0;
				TARGETED_DEVICE_FAMILY = "1,2";
			};
			name = Debug;
		};
		53EAA44E1F224849005CEBA5 /* Release */ = {
			isa = XCBuildConfiguration;
			buildSettings = {
				ASSETCATALOG_COMPILER_APPICON_NAME = AppIcon;
				DEVELOPMENT_TEAM = ZNVDEVDRX3;
				INFOPLIST_FILE = choosephoto/Info.plist;
				LD_RUNPATH_SEARCH_PATHS = "$(inherited) @executable_path/Frameworks";
				PRODUCT_BUNDLE_IDENTIFIER = org.gpKagurazaka.choosephoto;
				PRODUCT_NAME = "$(TARGET_NAME)";
				SWIFT_VERSION = 4.0;
				TARGETED_DEVICE_FAMILY = "1,2";
			};
			name = Release;
		};
/* End XCBuildConfiguration section */

/* Begin XCConfigurationList section */
		53EAA4351F224848005CEBA5 /* Build configuration list for PBXProject "choosephoto" */ = {
			isa = XCConfigurationList;
			buildConfigurations = (
				53EAA44A1F224849005CEBA5 /* Debug */,
				53EAA44B1F224849005CEBA5 /* Release */,
			);
			defaultConfigurationIsVisible = 0;
			defaultConfigurationName = Release;
		};
		53EAA44C1F224849005CEBA5 /* Build configuration list for PBXNativeTarget "choosephoto" */ = {
			isa = XCConfigurationList;
			buildConfigurations = (
				53EAA44D1F224849005CEBA5 /* Debug */,
				53EAA44E1F224849005CEBA5 /* Release */,
			);
			defaultConfigurationIsVisible = 0;
			defaultConfigurationName = Release;
		};
/* End XCConfigurationList section */
	};
	rootObject = 53EAA4321F224848005CEBA5 /* Project object */;
}
